
Microsoft Visual Studio Solution File, Format Version 12.00
# Visual Studio 15
VisualStudioVersion = 15.0.28307.572
MinimumVisualStudioVersion = 10.0.40219.1
Project("{FAE04EC0-301F-11D3-BF4B-00C04F79EFBC}") = "ResilientHttpClient", "ResilientHttpClient\ResilientHttpClient.csproj", "{CDF75B67-64DD-4002-AB02-3E7B1FB19EFD}"
EndProject
Global
	GlobalSection(SolutionConfigurationPlatforms) = preSolution
		Debug|Any CPU = Debug|Any CPU
		Release|Any CPU = Release|Any CPU
	EndGlobalSection
	GlobalSection(ProjectConfigurationPlatforms) = postSolution
		{CDF75B67-64DD-4002-AB02-3E7B1FB19EFD}.Debug|Any CPU.ActiveCfg = Debug|Any CPU
		{CDF75B67-64DD-4002-AB02-3E7B1FB19EFD}.Debug|Any CPU.Build.0 = Debug|Any CPU
		{CDF75B67-64DD-4002-AB02-3E7B1FB19EFD}.Release|Any CPU.ActiveCfg = Release|Any CPU
		{CDF75B67-64DD-4002-AB02-3E7B1FB19EFD}.Release|Any CPU.Build.0 = Release|Any CPU
	EndGlobalSection
	GlobalSection(SolutionProperties) = preSolution
		HideSolutionNode = FALSE
	EndGlobalSection
	GlobalSection(ExtensibilityGlobals) = postSolution
		SolutionGuid = {4ACE0B76-7FFE-4BE7-AD15-1E9EDD866657}
	EndGlobalSection
EndGlobal
